
Microsoft Visual Studio Solution File, Format Version 12.00
# Visual Studio Version 16
VisualStudioVersion = 16.0.29123.88
MinimumVisualStudioVersion = 10.0.40219.1
Project("{FAE04EC0-301F-11D3-BF4B-00C04F79EFBC}") = "transportsAPI", "transportsAPI.csproj", "{891875B5-2BB3-4DA3-A883-D953471AE1A9}"
EndProject
Global
	GlobalSection(SolutionConfigurationPlatforms) = preSolution
		Debug|Any CPU = Debug|Any CPU
		Release|Any CPU = Release|Any CPU
	EndGlobalSection
	GlobalSection(ProjectConfigurationPlatforms) = postSolution
		{891875B5-2BB3-4DA3-A883-D953471AE1A9}.Debug|Any CPU.ActiveCfg = Debug|Any CPU
		{891875B5-2BB3-4DA3-A883-D953471AE1A9}.Debug|Any CPU.Build.0 = Debug|Any CPU
		{891875B5-2BB3-4DA3-A883-D953471AE1A9}.Release|Any CPU.ActiveCfg = Release|Any CPU
		{891875B5-2BB3-4DA3-A883-D953471AE1A9}.Release|Any CPU.Build.0 = Release|Any CPU
	EndGlobalSection
	GlobalSection(SolutionProperties) = preSolution
		HideSolutionNode = FALSE
	EndGlobalSection
	GlobalSection(ExtensibilityGlobals) = postSolution
		SolutionGuid = {4BA9C9FD-F171-49F4-9FCE-99DBEBA65CCD}
	EndGlobalSection
EndGlobal
